
Microsoft Visual Studio Solution File, Format Version 12.00
# Visual Studio Version 16
VisualStudioVersion = 16.0.31005.135
MinimumVisualStudioVersion = 10.0.40219.1
Project("{F184B08F-C81C-45F6-A57F-5ABD9991F28F}") = "Case", "Case\Case.vbproj", "{F8175063-A856-442E-B8DC-C13459C349E9}"
EndProject
Global
	GlobalSection(SolutionConfigurationPlatforms) = preSolution
		Debug|Any CPU = Debug|Any CPU
		Release|Any CPU = Release|Any CPU
	EndGlobalSection
	GlobalSection(ProjectConfigurationPlatforms) = postSolution
		{F8175063-A856-442E-B8DC-C13459C349E9}.Debug|Any CPU.ActiveCfg = Debug|Any CPU
		{F8175063-A856-442E-B8DC-C13459C349E9}.Debug|Any CPU.Build.0 = Debug|Any CPU
		{F8175063-A856-442E-B8DC-C13459C349E9}.Release|Any CPU.ActiveCfg = Release|Any CPU
		{F8175063-A856-442E-B8DC-C13459C349E9}.Release|Any CPU.Build.0 = Release|Any CPU
	EndGlobalSection
	GlobalSection(SolutionProperties) = preSolution
		HideSolutionNode = FALSE
	EndGlobalSection
	GlobalSection(ExtensibilityGlobals) = postSolution
		SolutionGuid = {7EDCEF80-19EE-4A4C-BA5E-1AA30FD0F518}
	EndGlobalSection
EndGlobal
